
Microsoft Visual Studio Solution File, Format Version 12.00
# Visual Studio Version 17
VisualStudioVersion = 17.5.002.0
MinimumVisualStudioVersion = 10.0.40219.1
Project("{9A19103F-16F7-4668-BE54-9A1E7A4F7556}") = "ECommerce", "src\ECommerce.csproj", "{24808850-33E9-4CAF-BF48-507BEC7B8D8A}"
EndProject
Project("{9A19103F-16F7-4668-BE54-9A1E7A4F7556}") = "ECommerceTests", "tests\ECommerceTests.csproj", "{6B4D488A-89A3-438B-8F2C-068F343E4935}"
EndProject
Global
	GlobalSection(SolutionConfigurationPlatforms) = preSolution
		Debug|Any CPU = Debug|Any CPU
		Release|Any CPU = Release|Any CPU
	EndGlobalSection
	GlobalSection(ProjectConfigurationPlatforms) = postSolution
		{24808850-33E9-4CAF-BF48-507BEC7B8D8A}.Debug|Any CPU.ActiveCfg = Debug|Any CPU
		{24808850-33E9-4CAF-BF48-507BEC7B8D8A}.Debug|Any CPU.Build.0 = Debug|Any CPU
		{24808850-33E9-4CAF-BF48-507BEC7B8D8A}.Release|Any CPU.ActiveCfg = Release|Any CPU
		{24808850-33E9-4CAF-BF48-507BEC7B8D8A}.Release|Any CPU.Build.0 = Release|Any CPU
		{6B4D488A-89A3-438B-8F2C-068F343E4935}.Debug|Any CPU.ActiveCfg = Debug|Any CPU
		{6B4D488A-89A3-438B-8F2C-068F343E4935}.Debug|Any CPU.Build.0 = Debug|Any CPU
		{6B4D488A-89A3-438B-8F2C-068F343E4935}.Release|Any CPU.ActiveCfg = Release|Any CPU
		{6B4D488A-89A3-438B-8F2C-068F343E4935}.Release|Any CPU.Build.0 = Release|Any CPU
	EndGlobalSection
	GlobalSection(SolutionProperties) = preSolution
		HideSolutionNode = FALSE
	EndGlobalSection
	GlobalSection(ExtensibilityGlobals) = postSolution
		SolutionGuid = {D557B718-4238-4F94-A38D-C1069C9E4246}
	EndGlobalSection
EndGlobal
