
Microsoft Visual Studio Solution File, Format Version 12.00
# Visual Studio Version 17
VisualStudioVersion = 17.5.002.0
MinimumVisualStudioVersion = 10.0.40219.1
Project("{9A19103F-16F7-4668-BE54-9A1E7A4F7556}") = "ECommerce", "ECommerce.csproj", "{E411334C-8AB8-4DDC-8640-A76CEB79F158}"
EndProject
Global
	GlobalSection(SolutionConfigurationPlatforms) = preSolution
		Debug|Any CPU = Debug|Any CPU
		Release|Any CPU = Release|Any CPU
	EndGlobalSection
	GlobalSection(ProjectConfigurationPlatforms) = postSolution
		{E411334C-8AB8-4DDC-8640-A76CEB79F158}.Debug|Any CPU.ActiveCfg = Debug|Any CPU
		{E411334C-8AB8-4DDC-8640-A76CEB79F158}.Debug|Any CPU.Build.0 = Debug|Any CPU
		{E411334C-8AB8-4DDC-8640-A76CEB79F158}.Release|Any CPU.ActiveCfg = Release|Any CPU
		{E411334C-8AB8-4DDC-8640-A76CEB79F158}.Release|Any CPU.Build.0 = Release|Any CPU
	EndGlobalSection
	GlobalSection(SolutionProperties) = preSolution
		HideSolutionNode = FALSE
	EndGlobalSection
	GlobalSection(ExtensibilityGlobals) = postSolution
		SolutionGuid = {25384D90-9178-43C1-9910-58B1B6A18486}
	EndGlobalSection
EndGlobal
